{
  "version": 4,
  "terraform_version": "1.12.1",
  "serial": 25,
  "lineage": "51323c12-022c-8d46-bc3a-246fe246a59f",
  "outputs": {},
  "resources": [
    {
      "mode": "managed",
      "type": "azurerm_resource_group",
      "name": "rg",
      "provider": "provider[\"registry.terraform.io/hashicorp/azurerm\"]",
      "instances": [
        {
          "schema_version": 0,
          "attributes": {
            "id": "/subscriptions/21c24c5b-0b2f-4c10-a2fb-db612f726d74/resourceGroups/rg-webapp",
            "location": "eastus",
            "managed_by": "",
            "name": "rg-webapp",
            "tags": null,
            "timeouts": null
          },
          "sensitive_attributes": [],
          "identity_schema_version": 0,
          "private": "eyJlMmJmYjczMC1lY2FhLTExZTYtOGY4OC0zNDM2M2JjN2M0YzAiOnsiY3JlYXRlIjo1NDAwMDAwMDAwMDAwLCJkZWxldGUiOjU0MDAwMDAwMDAwMDAsInJlYWQiOjMwMDAwMDAwMDAwMCwidXBkYXRlIjo1NDAwMDAwMDAwMDAwfX0="
        }
      ]
    },
    {
      "module": "module.app-service",
      "mode": "data",
      "type": "azapi_client_config",
      "name": "telemetry",
      "provider": "provider[\"registry.terraform.io/azure/azapi\"]",
      "instances": []
    },
    {
      "module": "module.app-service",
      "mode": "data",
      "type": "modtm_module_source",
      "name": "telemetry",
      "provider": "provider[\"registry.terraform.io/azure/modtm\"]",
      "instances": []
    },
    {
      "module": "module.app-service",
      "mode": "managed",
      "type": "azurerm_app_service_certificate",
      "name": "this",
      "provider": "provider[\"registry.terraform.io/hashicorp/azurerm\"]",
      "instances": []
    },
    {
      "module": "module.app-service",
      "mode": "managed",
      "type": "azurerm_application_insights",
      "name": "slot",
      "provider": "provider[\"registry.terraform.io/hashicorp/azurerm\"]",
      "instances": []
    },
    {
      "module": "module.app-service",
      "mode": "managed",
      "type": "azurerm_application_insights",
      "name": "this",
      "provider": "provider[\"registry.terraform.io/hashicorp/azurerm\"]",
      "instances": []
    },
    {
      "module": "module.app-service",
      "mode": "managed",
      "type": "modtm_telemetry",
      "name": "telemetry",
      "provider": "provider[\"registry.terraform.io/azure/modtm\"]",
      "instances": []
    },
    {
      "module": "module.app-service",
      "mode": "managed",
      "type": "random_uuid",
      "name": "telemetry",
      "provider": "provider[\"registry.terraform.io/hashicorp/random\"]",
      "instances": []
    }
  ],
  "check_results": [
    {
      "object_kind": "var",
      "config_addr": "module.app-service.var.kind",
      "status": "unknown",
      "objects": [
        {
          "object_addr": "module.app-service.var.kind",
          "status": "unknown"
        }
      ]
    },
    {
      "object_kind": "var",
      "config_addr": "module.app-service.var.os_type",
      "status": "unknown",
      "objects": [
        {
          "object_addr": "module.app-service.var.os_type",
          "status": "unknown"
        }
      ]
    },
    {
      "object_kind": "var",
      "config_addr": "module.app-service.var.instance_memory_in_mb",
      "status": "unknown",
      "objects": [
        {
          "object_addr": "module.app-service.var.instance_memory_in_mb",
          "status": "unknown"
        }
      ]
    },
    {
      "object_kind": "var",
      "config_addr": "module.app-service.var.logs",
      "status": "unknown",
      "objects": [
        {
          "object_addr": "module.app-service.var.logs",
          "status": "unknown"
        }
      ]
    },
    {
      "object_kind": "var",
      "config_addr": "module.app-service.var.diagnostic_settings",
      "status": "unknown",
      "objects": [
        {
          "object_addr": "module.app-service.var.diagnostic_settings",
          "status": "unknown"
        }
      ]
    },
    {
      "object_kind": "var",
      "config_addr": "module.app-service.var.lock",
      "status": "unknown",
      "objects": [
        {
          "object_addr": "module.app-service.var.lock",
          "status": "unknown"
        }
      ]
    }
  ]
}
